
Microsoft Visual Studio Solution File, Format Version 12.00
# Visual Studio Version 16
VisualStudioVersion = 16.0.29306.81
MinimumVisualStudioVersion = 10.0.40219.1
Project("{FAE04EC0-301F-11D3-BF4B-00C04F79EFBC}") = "Developoly.Client.UWP", "Developoly.Client.UWP\Developoly.Client.UWP.csproj", "{53FDA39E-86E9-4D02-A5F6-E0B7B0FD2C2D}"
EndProject
Project("{9A19103F-16F7-4668-BE54-9A1E7A4F7556}") = "Developoly.Client.Entities", "Developoly.Client.Entities\Developoly.Client.Entities.csproj", "{2288D20E-8563-4274-A28F-0EED35AF31D6}"
EndProject
Project("{9A19103F-16F7-4668-BE54-9A1E7A4F7556}") = "Developoly.Client.Services", "Developoly.Client.Services\Developoly.Client.Services.csproj", "{B0691B84-99C1-47E4-9771-A5A0CAD9CC46}"
EndProject
Project("{9A19103F-16F7-4668-BE54-9A1E7A4F7556}") = "Developoly.Server.Core", "Developoly.Server.Core\Developoly.Server.Core.csproj", "{D910F8C3-6BA5-43E3-8BCA-E79B8C0C1FD2}"
EndProject
Project("{9A19103F-16F7-4668-BE54-9A1E7A4F7556}") = "Developoly.Server.Services", "Developoly.Server.Services\Developoly.Server.Services.csproj", "{BBF7B258-456D-428D-A9B5-27DB3A162AAF}"
EndProject
Project("{2150E333-8FDC-42A3-9474-1A3956D46DE8}") = "Server", "Server", "{73C70BDB-361F-4CA9-904C-8B05FCD32FCE}"
EndProject
Project("{2150E333-8FDC-42A3-9474-1A3956D46DE8}") = "Client UWP", "Client UWP", "{639AC6C8-0FB4-4A30-8D7C-7BDD19CF50FD}"
EndProject
Project("{2150E333-8FDC-42A3-9474-1A3956D46DE8}") = "UnitTests", "UnitTests", "{268E4B8D-7A91-49D9-8987-65AF3B8779FD}"
EndProject
Project("{9A19103F-16F7-4668-BE54-9A1E7A4F7556}") = "Developoly.Server.UnitTests", "Developoly.Server.UnitTests\Developoly.Server.UnitTests.csproj", "{B7ACE318-1362-4224-918E-C7CA2C63DF5A}"
EndProject
Project("{FAE04EC0-301F-11D3-BF4B-00C04F79EFBC}") = "Developoly.Client.UnitTests", "Developoly.Client.UnitTests\Developoly.Client.UnitTests.csproj", "{8576C8EA-B31B-4CA9-8A13-6EECA780CD5D}"
EndProject
Project("{9A19103F-16F7-4668-BE54-9A1E7A4F7556}") = "Developoly.Server.Entities", "Developoly.Server.Entities\Developoly.Server.Entities.csproj", "{AAC8B2DE-FC6F-45FA-9FA5-8947FE7A907D}"
EndProject
Project("{2150E333-8FDC-42A3-9474-1A3956D46DE8}") = "Administrator_Interface", "Administrator_Interface", "{18FA8C0D-E5C0-4044-B181-37BAD55FAFFE}"
EndProject
Project("{FAE04EC0-301F-11D3-BF4B-00C04F79EFBC}") = "Administrator_Interface", "Administrator_Interface\Administrator_Interface.csproj", "{4CB4672C-3255-458E-87EE-5D0D6ACFB1A2}"
EndProject
Project("{9A19103F-16F7-4668-BE54-9A1E7A4F7556}") = "Administrator_Interface.Entities", "Administrator_Interface.Entities\Administrator_Interface.Entities.csproj", "{DEB6472E-97F6-4BF1-8B52-0B7CBD6222C2}"
EndProject
Project("{9A19103F-16F7-4668-BE54-9A1E7A4F7556}") = "Administrator_Interface.Services", "Administrator_Interface.Services\Administrator_Interface.Services.csproj", "{644005F0-2C56-4DDB-BAB3-0AFCF9C072A9}"
EndProject
Global
	GlobalSection(SolutionConfigurationPlatforms) = preSolution
		Debug|Any CPU = Debug|Any CPU
		Debug|ARM = Debug|ARM
		Debug|ARM64 = Debug|ARM64
		Debug|x64 = Debug|x64
		Debug|x86 = Debug|x86
		Release|Any CPU = Release|Any CPU
		Release|ARM = Release|ARM
		Release|ARM64 = Release|ARM64
		Release|x64 = Release|x64
		Release|x86 = Release|x86
	EndGlobalSection
	GlobalSection(ProjectConfigurationPlatforms) = postSolution
		{53FDA39E-86E9-4D02-A5F6-E0B7B0FD2C2D}.Debug|Any CPU.ActiveCfg = Debug|x86
		{53FDA39E-86E9-4D02-A5F6-E0B7B0FD2C2D}.Debug|ARM.ActiveCfg = Debug|ARM
		{53FDA39E-86E9-4D02-A5F6-E0B7B0FD2C2D}.Debug|ARM.Build.0 = Debug|ARM
		{53FDA39E-86E9-4D02-A5F6-E0B7B0FD2C2D}.Debug|ARM.Deploy.0 = Debug|ARM
		{53FDA39E-86E9-4D02-A5F6-E0B7B0FD2C2D}.Debug|ARM64.ActiveCfg = Debug|ARM64
		{53FDA39E-86E9-4D02-A5F6-E0B7B0FD2C2D}.Debug|ARM64.Build.0 = Debug|ARM64
		{53FDA39E-86E9-4D02-A5F6-E0B7B0FD2C2D}.Debug|ARM64.Deploy.0 = Debug|ARM64
		{53FDA39E-86E9-4D02-A5F6-E0B7B0FD2C2D}.Debug|x64.ActiveCfg = Debug|x64
		{53FDA39E-86E9-4D02-A5F6-E0B7B0FD2C2D}.Debug|x64.Build.0 = Debug|x64
		{53FDA39E-86E9-4D02-A5F6-E0B7B0FD2C2D}.Debug|x64.Deploy.0 = Debug|x64
		{53FDA39E-86E9-4D02-A5F6-E0B7B0FD2C2D}.Debug|x86.ActiveCfg = Debug|x86
		{53FDA39E-86E9-4D02-A5F6-E0B7B0FD2C2D}.Debug|x86.Build.0 = Debug|x86
		{53FDA39E-86E9-4D02-A5F6-E0B7B0FD2C2D}.Debug|x86.Deploy.0 = Debug|x86
		{53FDA39E-86E9-4D02-A5F6-E0B7B0FD2C2D}.Release|Any CPU.ActiveCfg = Release|x86
		{53FDA39E-86E9-4D02-A5F6-E0B7B0FD2C2D}.Release|ARM.ActiveCfg = Release|ARM
		{53FDA39E-86E9-4D02-A5F6-E0B7B0FD2C2D}.Release|ARM.Build.0 = Release|ARM
		{53FDA39E-86E9-4D02-A5F6-E0B7B0FD2C2D}.Release|ARM.Deploy.0 = Release|ARM
		{53FDA39E-86E9-4D02-A5F6-E0B7B0FD2C2D}.Release|ARM64.ActiveCfg = Release|ARM64
		{53FDA39E-86E9-4D02-A5F6-E0B7B0FD2C2D}.Release|ARM64.Build.0 = Release|ARM64
		{53FDA39E-86E9-4D02-A5F6-E0B7B0FD2C2D}.Release|ARM64.Deploy.0 = Release|ARM64
		{53FDA39E-86E9-4D02-A5F6-E0B7B0FD2C2D}.Release|x64.ActiveCfg = Release|x64
		{53FDA39E-86E9-4D02-A5F6-E0B7B0FD2C2D}.Release|x64.Build.0 = Release|x64
		{53FDA39E-86E9-4D02-A5F6-E0B7B0FD2C2D}.Release|x64.Deploy.0 = Release|x64
		{53FDA39E-86E9-4D02-A5F6-E0B7B0FD2C2D}.Release|x86.ActiveCfg = Release|x86
		{53FDA39E-86E9-4D02-A5F6-E0B7B0FD2C2D}.Release|x86.Build.0 = Release|x86
		{53FDA39E-86E9-4D02-A5F6-E0B7B0FD2C2D}.Release|x86.Deploy.0 = Release|x86
		{2288D20E-8563-4274-A28F-0EED35AF31D6}.Debug|Any CPU.ActiveCfg = Debug|Any CPU
		{2288D20E-8563-4274-A28F-0EED35AF31D6}.Debug|Any CPU.Build.0 = Debug|Any CPU
		{2288D20E-8563-4274-A28F-0EED35AF31D6}.Debug|ARM.ActiveCfg = Debug|Any CPU
		{2288D20E-8563-4274-A28F-0EED35AF31D6}.Debug|ARM.Build.0 = Debug|Any CPU
		{2288D20E-8563-4274-A28F-0EED35AF31D6}.Debug|ARM64.ActiveCfg = Debug|Any CPU
		{2288D20E-8563-4274-A28F-0EED35AF31D6}.Debug|ARM64.Build.0 = Debug|Any CPU
		{2288D20E-8563-4274-A28F-0EED35AF31D6}.Debug|x64.ActiveCfg = Debug|Any CPU
		{2288D20E-8563-4274-A28F-0EED35AF31D6}.Debug|x64.Build.0 = Debug|Any CPU
		{2288D20E-8563-4274-A28F-0EED35AF31D6}.Debug|x86.ActiveCfg = Debug|Any CPU
		{2288D20E-8563-4274-A28F-0EED35AF31D6}.Debug|x86.Build.0 = Debug|Any CPU
		{2288D20E-8563-4274-A28F-0EED35AF31D6}.Release|Any CPU.ActiveCfg = Release|Any CPU
		{2288D20E-8563-4274-A28F-0EED35AF31D6}.Release|Any CPU.Build.0 = Release|Any CPU
		{2288D20E-8563-4274-A28F-0EED35AF31D6}.Release|ARM.ActiveCfg = Release|Any CPU
		{2288D20E-8563-4274-A28F-0EED35AF31D6}.Release|ARM.Build.0 = Release|Any CPU
		{2288D20E-8563-4274-A28F-0EED35AF31D6}.Release|ARM64.ActiveCfg = Release|Any CPU
		{2288D20E-8563-4274-A28F-0EED35AF31D6}.Release|ARM64.Build.0 = Release|Any CPU
		{2288D20E-8563-4274-A28F-0EED35AF31D6}.Release|x64.ActiveCfg = Release|Any CPU
		{2288D20E-8563-4274-A28F-0EED35AF31D6}.Release|x64.Build.0 = Release|Any CPU
		{2288D20E-8563-4274-A28F-0EED35AF31D6}.Release|x86.ActiveCfg = Release|Any CPU
		{2288D20E-8563-4274-A28F-0EED35AF31D6}.Release|x86.Build.0 = Release|Any CPU
		{B0691B84-99C1-47E4-9771-A5A0CAD9CC46}.Debug|Any CPU.ActiveCfg = Debug|Any CPU
		{B0691B84-99C1-47E4-9771-A5A0CAD9CC46}.Debug|ARM.ActiveCfg = Debug|Any CPU
		{B0691B84-99C1-47E4-9771-A5A0CAD9CC46}.Debug|ARM.Build.0 = Debug|Any CPU
		{B0691B84-99C1-47E4-9771-A5A0CAD9CC46}.Debug|ARM64.ActiveCfg = Debug|Any CPU
		{B0691B84-99C1-47E4-9771-A5A0CAD9CC46}.Debug|ARM64.Build.0 = Debug|Any CPU
		{B0691B84-99C1-47E4-9771-A5A0CAD9CC46}.Debug|x64.ActiveCfg = Debug|Any CPU
		{B0691B84-99C1-47E4-9771-A5A0CAD9CC46}.Debug|x64.Build.0 = Debug|Any CPU
		{B0691B84-99C1-47E4-9771-A5A0CAD9CC46}.Debug|x86.ActiveCfg = Debug|Any CPU
		{B0691B84-99C1-47E4-9771-A5A0CAD9CC46}.Debug|x86.Build.0 = Debug|Any CPU
		{B0691B84-99C1-47E4-9771-A5A0CAD9CC46}.Release|Any CPU.ActiveCfg = Release|Any CPU
		{B0691B84-99C1-47E4-9771-A5A0CAD9CC46}.Release|Any CPU.Build.0 = Release|Any CPU
		{B0691B84-99C1-47E4-9771-A5A0CAD9CC46}.Release|ARM.ActiveCfg = Release|Any CPU
		{B0691B84-99C1-47E4-9771-A5A0CAD9CC46}.Release|ARM.Build.0 = Release|Any CPU
		{B0691B84-99C1-47E4-9771-A5A0CAD9CC46}.Release|ARM64.ActiveCfg = Release|Any CPU
		{B0691B84-99C1-47E4-9771-A5A0CAD9CC46}.Release|ARM64.Build.0 = Release|Any CPU
		{B0691B84-99C1-47E4-9771-A5A0CAD9CC46}.Release|x64.ActiveCfg = Release|Any CPU
		{B0691B84-99C1-47E4-9771-A5A0CAD9CC46}.Release|x64.Build.0 = Release|Any CPU
		{B0691B84-99C1-47E4-9771-A5A0CAD9CC46}.Release|x86.ActiveCfg = Release|Any CPU
		{B0691B84-99C1-47E4-9771-A5A0CAD9CC46}.Release|x86.Build.0 = Release|Any CPU
		{D910F8C3-6BA5-43E3-8BCA-E79B8C0C1FD2}.Debug|Any CPU.ActiveCfg = Debug|Any CPU
		{D910F8C3-6BA5-43E3-8BCA-E79B8C0C1FD2}.Debug|Any CPU.Build.0 = Debug|Any CPU
		{D910F8C3-6BA5-43E3-8BCA-E79B8C0C1FD2}.Debug|ARM.ActiveCfg = Debug|Any CPU
		{D910F8C3-6BA5-43E3-8BCA-E79B8C0C1FD2}.Debug|ARM.Build.0 = Debug|Any CPU
		{D910F8C3-6BA5-43E3-8BCA-E79B8C0C1FD2}.Debug|ARM64.ActiveCfg = Debug|Any CPU
		{D910F8C3-6BA5-43E3-8BCA-E79B8C0C1FD2}.Debug|ARM64.Build.0 = Debug|Any CPU
		{D910F8C3-6BA5-43E3-8BCA-E79B8C0C1FD2}.Debug|x64.ActiveCfg = Debug|Any CPU
		{D910F8C3-6BA5-43E3-8BCA-E79B8C0C1FD2}.Debug|x64.Build.0 = Debug|Any CPU
		{D910F8C3-6BA5-43E3-8BCA-E79B8C0C1FD2}.Debug|x86.ActiveCfg = Debug|Any CPU
		{D910F8C3-6BA5-43E3-8BCA-E79B8C0C1FD2}.Debug|x86.Build.0 = Debug|Any CPU
		{D910F8C3-6BA5-43E3-8BCA-E79B8C0C1FD2}.Release|Any CPU.ActiveCfg = Release|Any CPU
		{D910F8C3-6BA5-43E3-8BCA-E79B8C0C1FD2}.Release|Any CPU.Build.0 = Release|Any CPU
		{D910F8C3-6BA5-43E3-8BCA-E79B8C0C1FD2}.Release|ARM.ActiveCfg = Release|Any CPU
		{D910F8C3-6BA5-43E3-8BCA-E79B8C0C1FD2}.Release|ARM.Build.0 = Release|Any CPU
		{D910F8C3-6BA5-43E3-8BCA-E79B8C0C1FD2}.Release|ARM64.ActiveCfg = Release|Any CPU
		{D910F8C3-6BA5-43E3-8BCA-E79B8C0C1FD2}.Release|ARM64.Build.0 = Release|Any CPU
		{D910F8C3-6BA5-43E3-8BCA-E79B8C0C1FD2}.Release|x64.ActiveCfg = Release|Any CPU
		{D910F8C3-6BA5-43E3-8BCA-E79B8C0C1FD2}.Release|x64.Build.0 = Release|Any CPU
		{D910F8C3-6BA5-43E3-8BCA-E79B8C0C1FD2}.Release|x86.ActiveCfg = Release|Any CPU
		{D910F8C3-6BA5-43E3-8BCA-E79B8C0C1FD2}.Release|x86.Build.0 = Release|Any CPU
		{BBF7B258-456D-428D-A9B5-27DB3A162AAF}.Debug|Any CPU.ActiveCfg = Debug|Any CPU
		{BBF7B258-456D-428D-A9B5-27DB3A162AAF}.Debug|Any CPU.Build.0 = Debug|Any CPU
		{BBF7B258-456D-428D-A9B5-27DB3A162AAF}.Debug|ARM.ActiveCfg = Debug|Any CPU
		{BBF7B258-456D-428D-A9B5-27DB3A162AAF}.Debug|ARM.Build.0 = Debug|Any CPU
		{BBF7B258-456D-428D-A9B5-27DB3A162AAF}.Debug|ARM64.ActiveCfg = Debug|Any CPU
		{BBF7B258-456D-428D-A9B5-27DB3A162AAF}.Debug|ARM64.Build.0 = Debug|Any CPU
		{BBF7B258-456D-428D-A9B5-27DB3A162AAF}.Debug|x64.ActiveCfg = Debug|Any CPU
		{BBF7B258-456D-428D-A9B5-27DB3A162AAF}.Debug|x64.Build.0 = Debug|Any CPU
		{BBF7B258-456D-428D-A9B5-27DB3A162AAF}.Debug|x86.ActiveCfg = Debug|Any CPU
		{BBF7B258-456D-428D-A9B5-27DB3A162AAF}.Debug|x86.Build.0 = Debug|Any CPU
		{BBF7B258-456D-428D-A9B5-27DB3A162AAF}.Release|Any CPU.ActiveCfg = Release|Any CPU
		{BBF7B258-456D-428D-A9B5-27DB3A162AAF}.Release|Any CPU.Build.0 = Release|Any CPU
		{BBF7B258-456D-428D-A9B5-27DB3A162AAF}.Release|ARM.ActiveCfg = Release|Any CPU
		{BBF7B258-456D-428D-A9B5-27DB3A162AAF}.Release|ARM.Build.0 = Release|Any CPU
		{BBF7B258-456D-428D-A9B5-27DB3A162AAF}.Release|ARM64.ActiveCfg = Release|Any CPU
		{BBF7B258-456D-428D-A9B5-27DB3A162AAF}.Release|ARM64.Build.0 = Release|Any CPU
		{BBF7B258-456D-428D-A9B5-27DB3A162AAF}.Release|x64.ActiveCfg = Release|Any CPU
		{BBF7B258-456D-428D-A9B5-27DB3A162AAF}.Release|x64.Build.0 = Release|Any CPU
		{BBF7B258-456D-428D-A9B5-27DB3A162AAF}.Release|x86.ActiveCfg = Release|Any CPU
		{BBF7B258-456D-428D-A9B5-27DB3A162AAF}.Release|x86.Build.0 = Release|Any CPU
		{B7ACE318-1362-4224-918E-C7CA2C63DF5A}.Debug|Any CPU.ActiveCfg = Release|Any CPU
		{B7ACE318-1362-4224-918E-C7CA2C63DF5A}.Debug|Any CPU.Build.0 = Release|Any CPU
		{B7ACE318-1362-4224-918E-C7CA2C63DF5A}.Debug|ARM.ActiveCfg = Debug|Any CPU
		{B7ACE318-1362-4224-918E-C7CA2C63DF5A}.Debug|ARM.Build.0 = Debug|Any CPU
		{B7ACE318-1362-4224-918E-C7CA2C63DF5A}.Debug|ARM64.ActiveCfg = Debug|Any CPU
		{B7ACE318-1362-4224-918E-C7CA2C63DF5A}.Debug|ARM64.Build.0 = Debug|Any CPU
		{B7ACE318-1362-4224-918E-C7CA2C63DF5A}.Debug|x64.ActiveCfg = Debug|Any CPU
		{B7ACE318-1362-4224-918E-C7CA2C63DF5A}.Debug|x64.Build.0 = Debug|Any CPU
		{B7ACE318-1362-4224-918E-C7CA2C63DF5A}.Debug|x86.ActiveCfg = Debug|Any CPU
		{B7ACE318-1362-4224-918E-C7CA2C63DF5A}.Debug|x86.Build.0 = Debug|Any CPU
		{B7ACE318-1362-4224-918E-C7CA2C63DF5A}.Release|Any CPU.ActiveCfg = Release|Any CPU
		{B7ACE318-1362-4224-918E-C7CA2C63DF5A}.Release|Any CPU.Build.0 = Release|Any CPU
		{B7ACE318-1362-4224-918E-C7CA2C63DF5A}.Release|ARM.ActiveCfg = Release|Any CPU
		{B7ACE318-1362-4224-918E-C7CA2C63DF5A}.Release|ARM.Build.0 = Release|Any CPU
		{B7ACE318-1362-4224-918E-C7CA2C63DF5A}.Release|ARM64.ActiveCfg = Release|Any CPU
		{B7ACE318-1362-4224-918E-C7CA2C63DF5A}.Release|ARM64.Build.0 = Release|Any CPU
		{B7ACE318-1362-4224-918E-C7CA2C63DF5A}.Release|x64.ActiveCfg = Release|Any CPU
		{B7ACE318-1362-4224-918E-C7CA2C63DF5A}.Release|x64.Build.0 = Release|Any CPU
		{B7ACE318-1362-4224-918E-C7CA2C63DF5A}.Release|x86.ActiveCfg = Release|Any CPU
		{B7ACE318-1362-4224-918E-C7CA2C63DF5A}.Release|x86.Build.0 = Release|Any CPU
		{8576C8EA-B31B-4CA9-8A13-6EECA780CD5D}.Debug|Any CPU.ActiveCfg = Debug|Any CPU
		{8576C8EA-B31B-4CA9-8A13-6EECA780CD5D}.Debug|ARM.ActiveCfg = Debug|Any CPU
		{8576C8EA-B31B-4CA9-8A13-6EECA780CD5D}.Debug|ARM.Build.0 = Debug|Any CPU
		{8576C8EA-B31B-4CA9-8A13-6EECA780CD5D}.Debug|ARM64.ActiveCfg = Debug|Any CPU
		{8576C8EA-B31B-4CA9-8A13-6EECA780CD5D}.Debug|ARM64.Build.0 = Debug|Any CPU
		{8576C8EA-B31B-4CA9-8A13-6EECA780CD5D}.Debug|x64.ActiveCfg = Debug|Any CPU
		{8576C8EA-B31B-4CA9-8A13-6EECA780CD5D}.Debug|x64.Build.0 = Debug|Any CPU
		{8576C8EA-B31B-4CA9-8A13-6EECA780CD5D}.Debug|x86.ActiveCfg = Debug|Any CPU
		{8576C8EA-B31B-4CA9-8A13-6EECA780CD5D}.Debug|x86.Build.0 = Debug|Any CPU
		{8576C8EA-B31B-4CA9-8A13-6EECA780CD5D}.Release|Any CPU.ActiveCfg = Release|Any CPU
		{8576C8EA-B31B-4CA9-8A13-6EECA780CD5D}.Release|Any CPU.Build.0 = Release|Any CPU
		{8576C8EA-B31B-4CA9-8A13-6EECA780CD5D}.Release|ARM.ActiveCfg = Release|Any CPU
		{8576C8EA-B31B-4CA9-8A13-6EECA780CD5D}.Release|ARM.Build.0 = Release|Any CPU
		{8576C8EA-B31B-4CA9-8A13-6EECA780CD5D}.Release|ARM64.ActiveCfg = Release|Any CPU
		{8576C8EA-B31B-4CA9-8A13-6EECA780CD5D}.Release|ARM64.Build.0 = Release|Any CPU
		{8576C8EA-B31B-4CA9-8A13-6EECA780CD5D}.Release|x64.ActiveCfg = Release|Any CPU
		{8576C8EA-B31B-4CA9-8A13-6EECA780CD5D}.Release|x64.Build.0 = Release|Any CPU
		{8576C8EA-B31B-4CA9-8A13-6EECA780CD5D}.Release|x86.ActiveCfg = Release|Any CPU
		{8576C8EA-B31B-4CA9-8A13-6EECA780CD5D}.Release|x86.Build.0 = Release|Any CPU
		{AAC8B2DE-FC6F-45FA-9FA5-8947FE7A907D}.Debug|Any CPU.ActiveCfg = Debug|Any CPU
		{AAC8B2DE-FC6F-45FA-9FA5-8947FE7A907D}.Debug|Any CPU.Build.0 = Debug|Any CPU
		{AAC8B2DE-FC6F-45FA-9FA5-8947FE7A907D}.Debug|ARM.ActiveCfg = Debug|Any CPU
		{AAC8B2DE-FC6F-45FA-9FA5-8947FE7A907D}.Debug|ARM.Build.0 = Debug|Any CPU
		{AAC8B2DE-FC6F-45FA-9FA5-8947FE7A907D}.Debug|ARM64.ActiveCfg = Debug|Any CPU
		{AAC8B2DE-FC6F-45FA-9FA5-8947FE7A907D}.Debug|ARM64.Build.0 = Debug|Any CPU
		{AAC8B2DE-FC6F-45FA-9FA5-8947FE7A907D}.Debug|x64.ActiveCfg = Debug|Any CPU
		{AAC8B2DE-FC6F-45FA-9FA5-8947FE7A907D}.Debug|x64.Build.0 = Debug|Any CPU
		{AAC8B2DE-FC6F-45FA-9FA5-8947FE7A907D}.Debug|x86.ActiveCfg = Debug|Any CPU
		{AAC8B2DE-FC6F-45FA-9FA5-8947FE7A907D}.Debug|x86.Build.0 = Debug|Any CPU
		{AAC8B2DE-FC6F-45FA-9FA5-8947FE7A907D}.Release|Any CPU.ActiveCfg = Release|Any CPU
		{AAC8B2DE-FC6F-45FA-9FA5-8947FE7A907D}.Release|Any CPU.Build.0 = Release|Any CPU
		{AAC8B2DE-FC6F-45FA-9FA5-8947FE7A907D}.Release|ARM.ActiveCfg = Release|Any CPU
		{AAC8B2DE-FC6F-45FA-9FA5-8947FE7A907D}.Release|ARM.Build.0 = Release|Any CPU
		{AAC8B2DE-FC6F-45FA-9FA5-8947FE7A907D}.Release|ARM64.ActiveCfg = Release|Any CPU
		{AAC8B2DE-FC6F-45FA-9FA5-8947FE7A907D}.Release|ARM64.Build.0 = Release|Any CPU
		{AAC8B2DE-FC6F-45FA-9FA5-8947FE7A907D}.Release|x64.ActiveCfg = Release|Any CPU
		{AAC8B2DE-FC6F-45FA-9FA5-8947FE7A907D}.Release|x64.Build.0 = Release|Any CPU
		{AAC8B2DE-FC6F-45FA-9FA5-8947FE7A907D}.Release|x86.ActiveCfg = Release|Any CPU
		{AAC8B2DE-FC6F-45FA-9FA5-8947FE7A907D}.Release|x86.Build.0 = Release|Any CPU
		{4CB4672C-3255-458E-87EE-5D0D6ACFB1A2}.Debug|Any CPU.ActiveCfg = Debug|x86
		{4CB4672C-3255-458E-87EE-5D0D6ACFB1A2}.Debug|Any CPU.Build.0 = Debug|x86
		{4CB4672C-3255-458E-87EE-5D0D6ACFB1A2}.Debug|Any CPU.Deploy.0 = Debug|x86
		{4CB4672C-3255-458E-87EE-5D0D6ACFB1A2}.Debug|ARM.ActiveCfg = Debug|ARM
		{4CB4672C-3255-458E-87EE-5D0D6ACFB1A2}.Debug|ARM.Build.0 = Debug|ARM
		{4CB4672C-3255-458E-87EE-5D0D6ACFB1A2}.Debug|ARM.Deploy.0 = Debug|ARM
		{4CB4672C-3255-458E-87EE-5D0D6ACFB1A2}.Debug|ARM64.ActiveCfg = Debug|ARM64
		{4CB4672C-3255-458E-87EE-5D0D6ACFB1A2}.Debug|ARM64.Build.0 = Debug|ARM64
		{4CB4672C-3255-458E-87EE-5D0D6ACFB1A2}.Debug|ARM64.Deploy.0 = Debug|ARM64
		{4CB4672C-3255-458E-87EE-5D0D6ACFB1A2}.Debug|x64.ActiveCfg = Debug|x64
		{4CB4672C-3255-458E-87EE-5D0D6ACFB1A2}.Debug|x64.Build.0 = Debug|x64
		{4CB4672C-3255-458E-87EE-5D0D6ACFB1A2}.Debug|x64.Deploy.0 = Debug|x64
		{4CB4672C-3255-458E-87EE-5D0D6ACFB1A2}.Debug|x86.ActiveCfg = Debug|x86
		{4CB4672C-3255-458E-87EE-5D0D6ACFB1A2}.Debug|x86.Build.0 = Debug|x86
		{4CB4672C-3255-458E-87EE-5D0D6ACFB1A2}.Debug|x86.Deploy.0 = Debug|x86
		{4CB4672C-3255-458E-87EE-5D0D6ACFB1A2}.Release|Any CPU.ActiveCfg = Release|x86
		{4CB4672C-3255-458E-87EE-5D0D6ACFB1A2}.Release|ARM.ActiveCfg = Release|ARM
		{4CB4672C-3255-458E-87EE-5D0D6ACFB1A2}.Release|ARM.Build.0 = Release|ARM
		{4CB4672C-3255-458E-87EE-5D0D6ACFB1A2}.Release|ARM.Deploy.0 = Release|ARM
		{4CB4672C-3255-458E-87EE-5D0D6ACFB1A2}.Release|ARM64.ActiveCfg = Release|ARM64
		{4CB4672C-3255-458E-87EE-5D0D6ACFB1A2}.Release|ARM64.Build.0 = Release|ARM64
		{4CB4672C-3255-458E-87EE-5D0D6ACFB1A2}.Release|ARM64.Deploy.0 = Release|ARM64
		{4CB4672C-3255-458E-87EE-5D0D6ACFB1A2}.Release|x64.ActiveCfg = Release|x64
		{4CB4672C-3255-458E-87EE-5D0D6ACFB1A2}.Release|x64.Build.0 = Release|x64
		{4CB4672C-3255-458E-87EE-5D0D6ACFB1A2}.Release|x64.Deploy.0 = Release|x64
		{4CB4672C-3255-458E-87EE-5D0D6ACFB1A2}.Release|x86.ActiveCfg = Release|x86
		{4CB4672C-3255-458E-87EE-5D0D6ACFB1A2}.Release|x86.Build.0 = Release|x86
		{4CB4672C-3255-458E-87EE-5D0D6ACFB1A2}.Release|x86.Deploy.0 = Release|x86
		{DEB6472E-97F6-4BF1-8B52-0B7CBD6222C2}.Debug|Any CPU.ActiveCfg = Debug|Any CPU
		{DEB6472E-97F6-4BF1-8B52-0B7CBD6222C2}.Debug|Any CPU.Build.0 = Debug|Any CPU
		{DEB6472E-97F6-4BF1-8B52-0B7CBD6222C2}.Debug|ARM.ActiveCfg = Debug|Any CPU
		{DEB6472E-97F6-4BF1-8B52-0B7CBD6222C2}.Debug|ARM.Build.0 = Debug|Any CPU
		{DEB6472E-97F6-4BF1-8B52-0B7CBD6222C2}.Debug|ARM64.ActiveCfg = Debug|Any CPU
		{DEB6472E-97F6-4BF1-8B52-0B7CBD6222C2}.Debug|ARM64.Build.0 = Debug|Any CPU
		{DEB6472E-97F6-4BF1-8B52-0B7CBD6222C2}.Debug|x64.ActiveCfg = Debug|Any CPU
		{DEB6472E-97F6-4BF1-8B52-0B7CBD6222C2}.Debug|x64.Build.0 = Debug|Any CPU
		{DEB6472E-97F6-4BF1-8B52-0B7CBD6222C2}.Debug|x86.ActiveCfg = Debug|Any CPU
		{DEB6472E-97F6-4BF1-8B52-0B7CBD6222C2}.Debug|x86.Build.0 = Debug|Any CPU
		{DEB6472E-97F6-4BF1-8B52-0B7CBD6222C2}.Release|Any CPU.ActiveCfg = Release|Any CPU
		{DEB6472E-97F6-4BF1-8B52-0B7CBD6222C2}.Release|Any CPU.Build.0 = Release|Any CPU
		{DEB6472E-97F6-4BF1-8B52-0B7CBD6222C2}.Release|ARM.ActiveCfg = Release|Any CPU
		{DEB6472E-97F6-4BF1-8B52-0B7CBD6222C2}.Release|ARM.Build.0 = Release|Any CPU
		{DEB6472E-97F6-4BF1-8B52-0B7CBD6222C2}.Release|ARM64.ActiveCfg = Release|Any CPU
		{DEB6472E-97F6-4BF1-8B52-0B7CBD6222C2}.Release|ARM64.Build.0 = Release|Any CPU
		{DEB6472E-97F6-4BF1-8B52-0B7CBD6222C2}.Release|x64.ActiveCfg = Release|Any CPU
		{DEB6472E-97F6-4BF1-8B52-0B7CBD6222C2}.Release|x64.Build.0 = Release|Any CPU
		{DEB6472E-97F6-4BF1-8B52-0B7CBD6222C2}.Release|x86.ActiveCfg = Release|Any CPU
		{DEB6472E-97F6-4BF1-8B52-0B7CBD6222C2}.Release|x86.Build.0 = Release|Any CPU
		{644005F0-2C56-4DDB-BAB3-0AFCF9C072A9}.Debug|Any CPU.ActiveCfg = Debug|Any CPU
		{644005F0-2C56-4DDB-BAB3-0AFCF9C072A9}.Debug|Any CPU.Build.0 = Debug|Any CPU
		{644005F0-2C56-4DDB-BAB3-0AFCF9C072A9}.Debug|ARM.ActiveCfg = Debug|Any CPU
		{644005F0-2C56-4DDB-BAB3-0AFCF9C072A9}.Debug|ARM.Build.0 = Debug|Any CPU
		{644005F0-2C56-4DDB-BAB3-0AFCF9C072A9}.Debug|ARM64.ActiveCfg = Debug|Any CPU
		{644005F0-2C56-4DDB-BAB3-0AFCF9C072A9}.Debug|ARM64.Build.0 = Debug|Any CPU
		{644005F0-2C56-4DDB-BAB3-0AFCF9C072A9}.Debug|x64.ActiveCfg = Debug|Any CPU
		{644005F0-2C56-4DDB-BAB3-0AFCF9C072A9}.Debug|x64.Build.0 = Debug|Any CPU
		{644005F0-2C56-4DDB-BAB3-0AFCF9C072A9}.Debug|x86.ActiveCfg = Debug|Any CPU
		{644005F0-2C56-4DDB-BAB3-0AFCF9C072A9}.Debug|x86.Build.0 = Debug|Any CPU
		{644005F0-2C56-4DDB-BAB3-0AFCF9C072A9}.Release|Any CPU.ActiveCfg = Release|Any CPU
		{644005F0-2C56-4DDB-BAB3-0AFCF9C072A9}.Release|Any CPU.Build.0 = Release|Any CPU
		{644005F0-2C56-4DDB-BAB3-0AFCF9C072A9}.Release|ARM.ActiveCfg = Release|Any CPU
		{644005F0-2C56-4DDB-BAB3-0AFCF9C072A9}.Release|ARM.Build.0 = Release|Any CPU
		{644005F0-2C56-4DDB-BAB3-0AFCF9C072A9}.Release|ARM64.ActiveCfg = Release|Any CPU
		{644005F0-2C56-4DDB-BAB3-0AFCF9C072A9}.Release|ARM64.Build.0 = Release|Any CPU
		{644005F0-2C56-4DDB-BAB3-0AFCF9C072A9}.Release|x64.ActiveCfg = Release|Any CPU
		{644005F0-2C56-4DDB-BAB3-0AFCF9C072A9}.Release|x64.Build.0 = Release|Any CPU
		{644005F0-2C56-4DDB-BAB3-0AFCF9C072A9}.Release|x86.ActiveCfg = Release|Any CPU
		{644005F0-2C56-4DDB-BAB3-0AFCF9C072A9}.Release|x86.Build.0 = Release|Any CPU
	EndGlobalSection
	GlobalSection(SolutionProperties) = preSolution
		HideSolutionNode = FALSE
	EndGlobalSection
	GlobalSection(NestedProjects) = preSolution
		{53FDA39E-86E9-4D02-A5F6-E0B7B0FD2C2D} = {639AC6C8-0FB4-4A30-8D7C-7BDD19CF50FD}
		{2288D20E-8563-4274-A28F-0EED35AF31D6} = {639AC6C8-0FB4-4A30-8D7C-7BDD19CF50FD}
		{B0691B84-99C1-47E4-9771-A5A0CAD9CC46} = {639AC6C8-0FB4-4A30-8D7C-7BDD19CF50FD}
		{D910F8C3-6BA5-43E3-8BCA-E79B8C0C1FD2} = {73C70BDB-361F-4CA9-904C-8B05FCD32FCE}
		{BBF7B258-456D-428D-A9B5-27DB3A162AAF} = {73C70BDB-361F-4CA9-904C-8B05FCD32FCE}
		{B7ACE318-1362-4224-918E-C7CA2C63DF5A} = {268E4B8D-7A91-49D9-8987-65AF3B8779FD}
		{8576C8EA-B31B-4CA9-8A13-6EECA780CD5D} = {268E4B8D-7A91-49D9-8987-65AF3B8779FD}
		{AAC8B2DE-FC6F-45FA-9FA5-8947FE7A907D} = {73C70BDB-361F-4CA9-904C-8B05FCD32FCE}
		{4CB4672C-3255-458E-87EE-5D0D6ACFB1A2} = {18FA8C0D-E5C0-4044-B181-37BAD55FAFFE}
		{DEB6472E-97F6-4BF1-8B52-0B7CBD6222C2} = {18FA8C0D-E5C0-4044-B181-37BAD55FAFFE}
		{644005F0-2C56-4DDB-BAB3-0AFCF9C072A9} = {18FA8C0D-E5C0-4044-B181-37BAD55FAFFE}
	EndGlobalSection
	GlobalSection(ExtensibilityGlobals) = postSolution
		SolutionGuid = {36830F3D-E7A8-4C5B-AE5E-0306A9E811DD}
	EndGlobalSection
EndGlobal
